{"SurveyEntry":{"SurveyID":"SV_e9HxT48hdJTXEI6","SurveyName":"Tonietto_etal_ConceptualReplication","SurveyDescription":null,"SurveyOwnerID":"UR_7V89VgURFg4dpQ1","SurveyBrandID":"berkeley","DivisionID":"DV_bE4GVCKSvJJ2JYF","SurveyLanguage":"EN","SurveyActiveResponseSet":"RS_a4WUstpWanD7cFg","SurveyStatus":"Active","SurveyStartDate":"0000-00-00 00:00:00","SurveyExpirationDate":"0000-00-00 00:00:00","SurveyCreationDate":"2021-05-28 13:19:35","CreatorID":"UR_7V89VgURFg4dpQ1","LastModified":"2021-05-28 18:58:50","LastAccessed":"0000-00-00 00:00:00","LastActivated":"2021-05-28 13:43:31","Deleted":null},"SurveyElements":[{"SurveyID":"SV_e9HxT48hdJTXEI6","Element":"BL","PrimaryAttribute":"Survey Blocks","SecondaryAttribute":null,"TertiaryAttribute":null,"Payload":[{"Type":"Default","Description":"Introduction","ID":"BL_0dEeQK8vtXPy7CS","BlockElements":[{"Type":"Question","QuestionID":"QID1"}],"Options":{"BlockLocking":"false","RandomizeQuestions":"false","BlockVisibility":"Collapsed"}},{"Type":"Trash","Description":"Trash \/ Unused Questions","ID":"BL_1WUjlgYk6ZJqujk","BlockElements":[]},{"Type":"Standard","SubType":"","Description":"orig_start","ID":"BL_4IKoofaUSTdVFYO","BlockElements":[{"Type":"Question","QuestionID":"QID2"}],"Options":{"BlockLocking":"false","RandomizeQuestions":"false","BlockVisibility":"Expanded"}},{"Type":"Standard","SubType":"","Description":"orig_samepage","ID":"BL_bHPaksD2hR5igTk","BlockElements":[{"Type":"Question","QuestionID":"QID4"},{"Type":"Question","QuestionID":"QID5"}],"Options":{"BlockLocking":false,"RandomizeQuestions":"Advanced","Randomization":{"Advanced":{"FixedOrder":["{~Randomized~}","{~Randomized~}"],"RandomizeAll":["QID4","QID5"],"RandomSubSet":[],"Undisplayed":[],"TotalRandSubset":0,"QuestionsPerPage":0},"EvenPresentation":false},"BlockVisibility":"Expanded"}},{"Type":"Standard","SubType":"","Description":"orig_start_clar","ID":"BL_aWrSL0h3RutaDRk","BlockElements":[{"Type":"Question","QuestionID":"QID6"}],"Options":{"BlockLocking":false,"RandomizeQuestions":"false","BlockVisibility":"Expanded"}},{"Type":"Standard","SubType":"","Description":"AC","ID":"BL_8vMela2id2ghu4u","BlockElements":[{"Type":"Question","QuestionID":"QID8"}],"Options":{"BlockLocking":"false","RandomizeQuestions":"false","BlockVisibility":"Expanded"}},{"Type":"Standard","SubType":"","Description":"Demographics","ID":"BL_9LlnLgiP5ITn5wW","BlockElements":[{"Type":"Question","QuestionID":"QID12"},{"Type":"Question","QuestionID":"QID9"},{"Type":"Question","QuestionID":"QID10"},{"Type":"Question","QuestionID":"QID11"}],"Options":{"BlockLocking":"false","RandomizeQuestions":"false","BlockVisibility":"Collapsed"}},{"Type":"Standard","SubType":"","Description":"orig_end","ID":"BL_bPnqPRiwbjNEre6","BlockElements":[{"Type":"Question","QuestionID":"QID3"}],"Options":{"BlockLocking":"false","RandomizeQuestions":"false","BlockVisibility":"Expanded"}},{"Type":"Standard","SubType":"","Description":"orig_end_clar","ID":"BL_cx0uvc5nVqXJyIe","BlockElements":[{"Type":"Question","QuestionID":"QID7"}],"Options":{"BlockLocking":"false","RandomizeQuestions":"false","BlockVisibility":"Expanded"}}]},{"SurveyID":"SV_e9HxT48hdJTXEI6","Element":"FL","PrimaryAttribute":"Survey Flow","SecondaryAttribute":null,"TertiaryAttribute":null,"Payload":{"Type":"Root","FlowID":"FL_1","Flow":[{"Type":"Block","ID":"BL_0dEeQK8vtXPy7CS","FlowID":"FL_2","Autofill":[]},{"Type":"BlockRandomizer","FlowID":"FL_8","SubSet":1,"Flow":[{"Type":"EmbeddedData","FlowID":"FL_9","EmbeddedData":[{"Description":"condition","Type":"Custom","Field":"condition","VariableType":"String","DataVisibility":[],"AnalyzeText":false,"Value":"1"}]},{"Type":"EmbeddedData","FlowID":"FL_10","EmbeddedData":[{"Description":"condition","Type":"Custom","Field":"condition","VariableType":"String","DataVisibility":[],"AnalyzeText":false,"Value":"2"}]},{"Type":"EmbeddedData","FlowID":"FL_11","EmbeddedData":[{"Description":"condition","Type":"Custom","Field":"condition","VariableType":"String","DataVisibility":[],"AnalyzeText":false,"Value":"3"}]}]},{"Type":"Branch","FlowID":"FL_12","Description":"New Branch","BranchLogic":{"0":{"0":{"LogicType":"EmbeddedField","LeftOperand":"condition","Operator":"EqualTo","RightOperand":"1","_HiddenExpression":false,"Type":"Expression","Description":"<span class=\"ConjDesc\">If<\/span>  <span class=\"LeftOpDesc\">condition<\/span> <span class=\"OpDesc\">Is Equal to<\/span> <span class=\"RightOpDesc\"> 1 <\/span>"},"Type":"If"},"Type":"BooleanExpression"},"Flow":[{"Type":"BlockRandomizer","FlowID":"FL_17","SubSet":2,"Flow":[{"Type":"Standard","ID":"BL_4IKoofaUSTdVFYO","FlowID":"FL_3","Autofill":[]},{"Type":"Standard","ID":"BL_bPnqPRiwbjNEre6","FlowID":"FL_15","Autofill":[]}]}]},{"Type":"Branch","FlowID":"FL_13","Description":"New Branch","BranchLogic":{"0":{"0":{"LogicType":"EmbeddedField","LeftOperand":"condition","Operator":"EqualTo","RightOperand":"2","_HiddenExpression":false,"Type":"Expression","Description":"<span class=\"ConjDesc\">If<\/span>  <span class=\"LeftOpDesc\">condition<\/span> <span class=\"OpDesc\">Is Equal to<\/span> <span class=\"RightOpDesc\"> 2 <\/span>"},"Type":"If"},"Type":"BooleanExpression"},"Flow":[{"Type":"BlockRandomizer","FlowID":"FL_18","SubSet":2,"Flow":[{"Type":"Standard","ID":"BL_aWrSL0h3RutaDRk","FlowID":"FL_5","Autofill":[]},{"Type":"Standard","ID":"BL_cx0uvc5nVqXJyIe","FlowID":"FL_16","Autofill":[]}]}]},{"Type":"Branch","FlowID":"FL_14","Description":"New Branch","BranchLogic":{"0":{"0":{"LogicType":"EmbeddedField","LeftOperand":"condition","Operator":"EqualTo","RightOperand":"3","_HiddenExpression":false,"Type":"Expression","Description":"<span class=\"ConjDesc\">If<\/span>  <span class=\"LeftOpDesc\">condition<\/span> <span class=\"OpDesc\">Is Equal to<\/span> <span class=\"RightOpDesc\"> 3 <\/span>"},"Type":"If"},"Type":"BooleanExpression"},"Flow":[{"Type":"Standard","ID":"BL_bHPaksD2hR5igTk","FlowID":"FL_4","Autofill":[]}]},{"Type":"Standard","ID":"BL_8vMela2id2ghu4u","FlowID":"FL_6","Autofill":[]},{"Type":"Standard","ID":"BL_9LlnLgiP5ITn5wW","FlowID":"FL_7","Autofill":[]}],"Properties":{"Count":18,"RemovedFieldsets":[]}}},{"SurveyID":"SV_e9HxT48hdJTXEI6","Element":"SO","PrimaryAttribute":"Survey Options","SecondaryAttribute":null,"TertiaryAttribute":null,"Payload":{"BackButton":"false","SaveAndContinue":"true","SurveyProtection":"PublicSurvey","BallotBoxStuffingPrevention":"true","NoIndex":"Yes","SecureResponseFiles":"true","SurveyExpiration":null,"SurveyTermination":"DisplayMessage","Header":"","Footer":"","ProgressBarDisplay":"None","PartialData":"+1 week","ValidationMessage":null,"PreviousButton":" \u2190 ","NextButton":" \u2192 ","SurveyTitle":"Qualtrics Survey | Qualtrics Experience Management","SkinLibrary":"Qualtrics","SkinType":"MQ","Skin":"v4qualtrics1","NewScoring":1,"SurveyName":"Tonietto_etal_ConceptualReplication","libraryId":"","nextButtonMid":"","previousButtonMid":"","headerMid":"","footerMid":"","QuestionsPerPage":"","PageTransition":"Slide","Autofocus":"false","Autoadvance":"false","AutoadvancePages":"false","ExternalCSS":null,"CustomStyles":{"errorStyles":{"selector":".Skin .ValidationError","styles":{"color":null,"backgroundColor":null,"borderColor":null}},"errorStylesBG":{"selector":".Skin .HeaderValidationError, .Skin .HeaderValidationError li a","styles":{"color":null,"backgroundColor":null}},"pageStyles":{"selector":"#SurveyEngineBody","styles":{"backgroundColor":null}},"textStyles":{"selector":".SkinInner","styles":{"fontFamily":null,"fontSize":null,"fontWeight":null,"fontStyle":null,"textDecoration":null,"color":null}},"questionStyles":{"selector":".Skin .QuestionText","styles":{"fontFamily":null,"fontSize":null,"fontWeight":null,"fontStyle":null,"textDecoration":null,"color":null}},"choiceStyles":{"selector":".Skin .horizontalbar th.ylabel, .Skin .Matrix table td, .Skin .Matrix table th, .Skin .Matrix table thead th, .Skin .Matrix table thead td, .Skin .PGR .DragAndDrop .Items label, .Skin .QuestionBody ul.ChoiceStructure, .Skin .PGR .DragAndDrop .Group ul, .Skin .PGR .DragAndDrop .Group h2, .Skin .PGR .DragAndDrop .Items ul, .Skin .PGR .DragAndDrop .Items h2, .Skin .DD .QuestionBody table.ChoiceStructure, .Skin .PGR .DragAndDrop .NoColumns td.groupsContainerTd div ul, .Skin .PGR .DragAndDrop .NoColumns td.groupsContainerTd div h2, .Skin .SBS thead th, .Skin .SBS td, .Skin .SBS .Answers td, .Skin .SBS .Answers th, .SBS table.ChoiceStructure, .Skin .horizontalbar thead table.LabelDescriptions tr td, .Skin .horizontalbar thead tr td.NotApplicable, .QuestionBody th, .Skin .QuestionBody .MC .MAVR label, .Skin .QuestionBody .MC .SAVR label, .Skin .SBS thead th, .Skin .SBS td, .Skin .RO .DND ul li, .Skin .reg, .SkinInner .ChoiceStructure, .Skin thead, .Skin .GAP .ChoiceStructure thead th, .Skin .GAP .ChoiceStructure .c4, .Skin .GAP .ChoiceStructure th, .Skin .GAP .ChoiceStructure .WhyText, .SkinInner .ChoiceStructure .LightBG, .Skin .QuestionOuter.Highlight .Inner .reg, .Skin .QuestionOuter.Highlight .Inner .alt, .Skin .QuestionOuter.Highlight .Inner .ReadableAlt       ","styles":{"fontFamily":null,"fontSize":null,"fontWeight":null,"fontStyle":null,"textDecoration":null,"color":null}},"headerStyles":{"selector":".Skin div#Header","styles":{"color":null}},"footerStyles":{"selector":".Skin #Footer","styles":{"color":null}},"questionSeparatorStyles":{"selector":".Skin .Separator","styles":{"backgroundColor":null,"display":null}},"highlightStyles":{"selector":".Skin .QuestionOuter.Highlight .Inner, .Skin .QuestionOuter.Highlight .Inner .reg, .Skin .QuestionOuter.Highlight .Inner .alt, .Skin .QuestionOuter.Highlight .Inner .ReadableAlt","styles":{"backgroundColor":null}},"highlightStylesAlt":{"selector":".Skin .QuestionOuter.Highlight .Inner .ReadableAlt, .Skin .QuestionOuter.Highlight .Inner .LightBG","styles":{"backgroundColor":null}},"textEntryStyles":{"selector":".Skin select, .Skin .InputText","styles":{"color":null}},"borderStyles":{"selector":".Skin .CS .horizontalbar table.sliderGrid tr.xlabel th, .Skin .CS .horizontalbar .ylabel, .Skin .CS .horizontalbar table.sliderGrid tr td.value, .Skin .Slider .horizontalbar table.sliderGrid tr.xlabel th, .Skin .BorderColor, .Skin .DarkBorderColor, .Skin .Slider .horizontalbar table.sliderGrid tr td.value, .Skin thead, .Skin .GAP .ChoiceStructure thead th  ","styles":{"borderColor":null}},"altRowStyles":{"selector":".Skin .ReadableAlt, .Skin .LightBG","styles":{"backgroundColor":null}},"customCSS":null},"HighlightQuestions":"off","EOSMessage":"MS_9RKDBpCOHR6ungW","ShowExportTags":"false","CollectGeoLocation":"false","SurveyMetaDescription":"The most powerful, simple and trusted way to gather experience data. Start your journey to experience management and try a free account today.","PasswordProtection":"No","AnonymizeResponse":"No","Password":"","RefererCheck":"No","RefererURL":"http:\/\/","BallotBoxStuffingPreventionBehavior":"DefaultMessage","BallotBoxStuffingPreventionMessage":"","BallotBoxStuffingPreventionMessageLibrary":"","BallotBoxStuffingPreventionURL":null,"RecaptchaV3":"false","ConfirmStart":false,"AutoConfirmStart":false,"RelevantID":"false","RelevantIDLockoutPeriod":"+30 days","UseCustomSurveyLinkCompletedMessage":null,"SurveyLinkCompletedMessage":"","SurveyLinkCompletedMessageLibrary":"","ResponseSummary":"No","EOSMessageLibrary":"UR_7V89VgURFg4dpQ1","EOSRedirectURL":"https:\/\/","EmailThankYou":"false","ThankYouEmailMessageLibrary":null,"ThankYouEmailMessage":null,"ValidateMessage":"false","ValidationMessageLibrary":null,"InactiveSurvey":"DefaultMessage","PartialDeletion":null,"PartialDataCloseAfter":"LastActivity","ActiveResponseSet":null,"InactiveMessageLibrary":"","InactiveMessage":"","AvailableLanguages":{"EN":[]},"ProtectSelectionIds":true}},{"SurveyID":"SV_e9HxT48hdJTXEI6","Element":"SCO","PrimaryAttribute":"Scoring","SecondaryAttribute":null,"TertiaryAttribute":null,"Payload":{"ScoringCategories":[],"ScoringCategoryGroups":[],"ScoringSummaryCategory":null,"ScoringSummaryAfterQuestions":0,"ScoringSummaryAfterSurvey":0,"DefaultScoringCategory":null,"AutoScoringCategory":null}},{"SurveyID":"SV_e9HxT48hdJTXEI6","Element":"PROJ","PrimaryAttribute":"CORE","SecondaryAttribute":null,"TertiaryAttribute":"1.1.0","Payload":{"ProjectCategory":"CORE","SchemaVersion":"1.1.0"}},{"SurveyID":"SV_e9HxT48hdJTXEI6","Element":"STAT","PrimaryAttribute":"Survey Statistics","SecondaryAttribute":null,"TertiaryAttribute":null,"Payload":{"MobileCompatible":true,"ID":"Survey Statistics"}},{"SurveyID":"SV_e9HxT48hdJTXEI6","Element":"QC","PrimaryAttribute":"Survey Question Count","SecondaryAttribute":"12","TertiaryAttribute":null,"Payload":null},{"SurveyID":"SV_e9HxT48hdJTXEI6","Element":"RS","PrimaryAttribute":"RS_a4WUstpWanD7cFg","SecondaryAttribute":"Default Response Set","TertiaryAttribute":null,"Payload":null},{"SurveyID":"SV_e9HxT48hdJTXEI6","Element":"SQ","PrimaryAttribute":"QID12","SecondaryAttribute":"Have you ever completed a survey that was very, very similar to this one?","TertiaryAttribute":null,"Payload":{"QuestionText":"<span style=\"font-size:19px;\">Have you ever completed a survey that was very, very similar to this one?<\/span>","DataExportTag":"similar","QuestionType":"MC","Selector":"SAVR","SubSelector":"TX","Configuration":{"QuestionDescriptionOption":"UseText"},"QuestionDescription":"Have you ever completed a survey that was very, very similar to this one?","Choices":{"1":{"Display":"Yes"},"2":{"Display":"No"},"3":{"Display":"I'm not sure"}},"ChoiceOrder":["1","2","3"],"Validation":{"Settings":{"ForceResponse":"ON","ForceResponseType":"ON","Type":"None"}},"Language":[],"NextChoiceId":9,"NextAnswerId":1,"QuestionID":"QID12"}},{"SurveyID":"SV_e9HxT48hdJTXEI6","Element":"SQ","PrimaryAttribute":"QID9","SecondaryAttribute":"How old are you?","TertiaryAttribute":null,"Payload":{"QuestionText":"<span style=\"font-size:19px;\">How old are you?<\/span>","DefaultChoices":false,"DataExportTag":"age","QuestionID":"QID9","QuestionType":"TE","Selector":"SL","Configuration":{"QuestionDescriptionOption":"UseText"},"QuestionDescription":"How old are you?","Validation":{"Settings":{"ForceResponse":"OFF","ForceResponseType":"ON","Type":"None"}},"GradingData":[],"Language":[],"NextChoiceId":4,"NextAnswerId":1,"SearchSource":{"AllowFreeResponse":"false"}}},{"SurveyID":"SV_e9HxT48hdJTXEI6","Element":"SQ","PrimaryAttribute":"QID1","SecondaryAttribute":"Thank you for your participation in our research. \u00a0 This is a short survey on judgment and decisi..","TertiaryAttribute":null,"Payload":{"QuestionText":"<span style=\"font-size:19px;\">Thank you for your participation in our research.<\/span>\n<div>&nbsp;<\/div>\n\n<div><span style=\"font-size:19px;\">This is a short survey on judgment and decision-making.<\/span><\/div>\n\n<div>&nbsp;<\/div>\n\n<div><span style=\"font-size:19px;\">It should take you no longer than 1 minute.<\/span><\/div>\n\n<div>&nbsp;<\/div>\n\n<div><span style=\"font-size:19px;\">Please read the instructions carefully. The questions will require you to simulate a scenario. Please try your best to simulate it as carefully as possible.<\/span><\/div>\n\n<div>&nbsp;<\/div>\n\n<div><span style=\"font-size:19px;\">If you understand this and consent to participating in the survey, click the &#39;&gt;&gt;&#39; button.<\/span><\/div>","DefaultChoices":false,"DataExportTag":"intro","QuestionID":"QID1","QuestionType":"DB","Selector":"TB","DataVisibility":{"Private":false,"Hidden":false},"Configuration":{"QuestionDescriptionOption":"UseText"},"QuestionDescription":"Thank you for your participation in our research. \u00a0 This is a short survey on judgment and decisi...","ChoiceOrder":[],"Validation":{"Settings":{"Type":"None"}},"GradingData":[],"Language":[],"NextChoiceId":4,"NextAnswerId":1}},{"SurveyID":"SV_e9HxT48hdJTXEI6","Element":"SQ","PrimaryAttribute":"QID2","SecondaryAttribute":"Weekend Plans \u00a0 For this study, imagine that it is Monday morning. You have a weekend trip planne..","TertiaryAttribute":null,"Payload":{"QuestionText":"<p style=\"text-align: center;\"><u><strong><span style=\"font-family:Times New Roman,Times,serif;\"><span style=\"font-size:19px;\">Weekend Plans<\/span><\/span><\/strong><\/u><\/p>\n\n<p>&nbsp;<\/p>\n\n<p><span style=\"font-family:Times New Roman,Times,serif;\"><span style=\"font-size:19px;\">For this study, imagine that it is Monday morning. You have a weekend trip planned for this Saturday and Sunday (as shown on your calendar below). You&#39;ll be there all weekend.<\/span><\/span><\/p>\n\n<p>&nbsp;<\/p>\n\n<p><img src=\"https:\/\/berkeley.qualtrics.com\/CP\/Graphic.php?IM=IM_bxdLQvFc0cAJguG\" style=\"width: 997px; height: 143px;\" \/><\/p>\n\n<p><em>&nbsp;<\/em><\/p>\n\n<p><span style=\"font-size:19px;\"><span style=\"font-family:Times New Roman,Times,serif;\"><strong>You think the trip will be a <u>lot of fun<\/u>, and you&#39;re <u>really looking forward to it<\/u>.<span class=\"Apple-converted-space\">&nbsp;<\/span><\/strong><\/span><\/span><br \/>\n&nbsp;<\/p>\n\n<p><span style=\"font-size:19px;\"><span style=\"font-family:Times New Roman,Times,serif;\">How far away does the <strong><u>start<\/u> <\/strong>of the trip feel from today (Monday)?<span class=\"Apple-converted-space\">&nbsp;<\/span><\/span><\/span><\/p>","DefaultChoices":false,"DataExportTag":"orig_start","QuestionID":"QID2","QuestionType":"Slider","Selector":"HSLIDER","Configuration":{"QuestionDescriptionOption":"UseText","CSSliderMin":0,"CSSliderMax":100,"GridLines":0,"SnapToGrid":false,"NumDecimals":"0","ShowValue":true,"CustomStart":true,"SliderStartPositions":{"1":0.495327102803738317238213539894786663353443145751953125},"NotApplicable":false,"MobileFirst":true},"QuestionDescription":"Weekend Plans \u00a0 For this study, imagine that it is Monday morning. You have a weekend trip planne...","Choices":{"1":{"Display":"&nbsp;"}},"ChoiceOrder":[1],"Validation":{"Settings":{"ForceResponse":"ON","ForceResponseType":"ON","Type":"None"}},"GradingData":[],"Language":[],"NextChoiceId":2,"NextAnswerId":3,"Labels":{"1":{"Display":"Very near"},"2":{"Display":"Very far"}}}},{"SurveyID":"SV_e9HxT48hdJTXEI6","Element":"SQ","PrimaryAttribute":"QID3","SecondaryAttribute":"Weekend Plans \u00a0 For this study, imagine that it is Monday morning. You have a weekend trip planne..","TertiaryAttribute":null,"Payload":{"QuestionText":"<p style=\"text-align: center;\"><u><strong><span style=\"font-family:Times New Roman,Times,serif;\"><span style=\"font-size:19px;\">Weekend Plans<\/span><\/span><\/strong><\/u><\/p>\n\n<p>&nbsp;<\/p>\n\n<p><span style=\"font-family:Times New Roman,Times,serif;\"><span style=\"font-size:19px;\">For this study, imagine that it is Monday morning. You have a weekend trip planned for this Saturday and Sunday (as shown on your calendar below). You'll be there all weekend.<\/span><\/span><\/p>\n\n<p>&nbsp;<\/p>\n\n<p><img src=\"https:\/\/berkeley.qualtrics.com\/CP\/Graphic.php?IM=IM_bxdLQvFc0cAJguG\" style=\"width: 997px; height: 143px;\"><\/p>\n\n<p><em>&nbsp;<\/em><\/p>\n\n<p><span style=\"font-size:19px;\"><span style=\"font-family:Times New Roman,Times,serif;\"><strong>You think the trip will be a <u>lot of fun<\/u>, and you're <u>really looking forward to it<\/u>.<span class=\"Apple-converted-space\">&nbsp;<\/span><\/strong><\/span><\/span><br>\n&nbsp;<\/p>\n\n<p><span style=\"font-size:19px;\"><span style=\"font-family:Times New Roman,Times,serif;\">How far away does the <strong><u>end<\/u> <\/strong>of the trip feel from today (Monday)?<span class=\"Apple-converted-space\">&nbsp;<\/span><\/span><\/span><\/p>","DefaultChoices":false,"DataExportTag":"orig_end","QuestionType":"Slider","Selector":"HSLIDER","DataVisibility":{"Private":false,"Hidden":false},"Configuration":{"QuestionDescriptionOption":"UseText","CSSliderMin":0,"CSSliderMax":100,"GridLines":0,"SnapToGrid":false,"NumDecimals":"0","ShowValue":true,"CustomStart":true,"SliderStartPositions":{"1":0.495327102803738317238213539894786663353443145751953125},"NotApplicable":false,"MobileFirst":true},"QuestionDescription":"Weekend Plans \u00a0 For this study, imagine that it is Monday morning. You have a weekend trip planne...","Choices":{"1":{"Display":"&nbsp;"}},"ChoiceOrder":[1],"Validation":{"Settings":{"ForceResponse":"ON","ForceResponseType":"ON","Type":"None"}},"GradingData":[],"Language":[],"NextChoiceId":2,"NextAnswerId":3,"Labels":{"1":{"Display":"Very near"},"2":{"Display":"Very far"}},"QuestionID":"QID3"}},{"SurveyID":"SV_e9HxT48hdJTXEI6","Element":"SQ","PrimaryAttribute":"QID4","SecondaryAttribute":"Weekend Plans \u00a0 For this study, imagine that it is Monday morning. You have a weekend trip planne..","TertiaryAttribute":null,"Payload":{"QuestionText":"<p style=\"text-align: center;\"><u><strong><span style=\"font-family:Times New Roman,Times,serif;\"><span style=\"font-size:19px;\">Weekend Plans<\/span><\/span><\/strong><\/u><\/p>\n\n<p>&nbsp;<\/p>\n\n<p><span style=\"font-family:Times New Roman,Times,serif;\"><span style=\"font-size:19px;\">For this study, imagine that it is Monday morning. You have a weekend trip planned for this Saturday and Sunday (as shown on your calendar below). You&#39;ll be there all weekend.<\/span><\/span><\/p>\n\n<p>&nbsp;<\/p>\n\n<p><img src=\"https:\/\/berkeley.qualtrics.com\/CP\/Graphic.php?IM=IM_bxdLQvFc0cAJguG\" style=\"width: 997px; height: 143px;\" \/><\/p>\n\n<p><em>&nbsp;<\/em><\/p>\n\n<p><span style=\"font-size:19px;\"><span style=\"font-family:Times New Roman,Times,serif;\"><strong>You think the trip will be a <u>lot of fun<\/u>, and you&#39;re <u>really looking forward to it<\/u>.<span class=\"Apple-converted-space\">&nbsp;<\/span><\/strong><\/span><\/span><br \/>\n&nbsp;<\/p>\n\n<p><span style=\"font-size:19px;\"><span style=\"font-family:Times New Roman,Times,serif;\">How far away does the <strong><u>start<\/u> <\/strong>of the trip feel from today (Monday)?<span class=\"Apple-converted-space\">&nbsp;<\/span><\/span><\/span><\/p>","DefaultChoices":false,"QuestionType":"Slider","Selector":"HSLIDER","Configuration":{"QuestionDescriptionOption":"UseText","CSSliderMin":0,"CSSliderMax":100,"GridLines":0,"SnapToGrid":false,"NumDecimals":"0","ShowValue":true,"CustomStart":true,"SliderStartPositions":{"1":0.495327102803738317238213539894786663353443145751953125},"NotApplicable":false,"MobileFirst":true},"QuestionDescription":"Weekend Plans \u00a0 For this study, imagine that it is Monday morning. You have a weekend trip planne...","Choices":{"1":{"Display":"&nbsp;"}},"ChoiceOrder":[1],"Validation":{"Settings":{"ForceResponse":"ON","ForceResponseType":"ON","Type":"None"}},"GradingData":[],"Language":[],"NextChoiceId":2,"NextAnswerId":3,"Labels":{"1":{"Display":"Very near"},"2":{"Display":"Very far"}},"QuestionText_Unsafe":"<p style=\"text-align: center;\"><u><strong><span style=\"font-family:Times New Roman,Times,serif;\"><span style=\"font-size:19px;\">Weekend Plans<\/span><\/span><\/strong><\/u><\/p>\n\n<p>&nbsp;<\/p>\n\n<p><span style=\"font-family:Times New Roman,Times,serif;\"><span style=\"font-size:19px;\">For this study, imagine that it is Monday morning. You have a weekend trip planned for this Saturday and Sunday (as shown on your calendar below). You&#39;ll be there all weekend.<\/span><\/span><\/p>\n\n<p>&nbsp;<\/p>\n\n<p><img src=\"https:\/\/berkeley.qualtrics.com\/CP\/Graphic.php?IM=IM_bxdLQvFc0cAJguG\" style=\"width: 997px; height: 143px;\" \/><\/p>\n\n<p><em>&nbsp;<\/em><\/p>\n\n<p><span style=\"font-size:19px;\"><span style=\"font-family:Times New Roman,Times,serif;\"><strong>You think the trip will be a <u>lot of fun<\/u>, and you&#39;re <u>really looking forward to it<\/u>.<span class=\"Apple-converted-space\">&nbsp;<\/span><\/strong><\/span><\/span><br \/>\n&nbsp;<\/p>\n\n<p><span style=\"font-size:19px;\"><span style=\"font-family:Times New Roman,Times,serif;\">How far away does the <strong><u>start<\/u> <\/strong>of the trip feel from today (Monday)?<span class=\"Apple-converted-space\">&nbsp;<\/span><\/span><\/span><\/p>","DataExportTag":"orig_start_samepg","QuestionID":"QID4","DataVisibility":{"Private":false,"Hidden":false}}},{"SurveyID":"SV_e9HxT48hdJTXEI6","Element":"SQ","PrimaryAttribute":"QID5","SecondaryAttribute":"Weekend Plans \u00a0 For this study, imagine that it is Monday morning. You have a weekend trip planne..","TertiaryAttribute":null,"Payload":{"QuestionText":"<p style=\"text-align: center;\"><u><strong><span style=\"font-family:Times New Roman,Times,serif;\"><span style=\"font-size:19px;\">Weekend Plans<\/span><\/span><\/strong><\/u><\/p>\n\n<p>&nbsp;<\/p>\n\n<p><span style=\"font-family:Times New Roman,Times,serif;\"><span style=\"font-size:19px;\">For this study, imagine that it is Monday morning. You have a weekend trip planned for this Saturday and Sunday (as shown on your calendar below). You'll be there all weekend.<\/span><\/span><\/p>\n\n<p>&nbsp;<\/p>\n\n<p><img src=\"https:\/\/berkeley.qualtrics.com\/CP\/Graphic.php?IM=IM_bxdLQvFc0cAJguG\" style=\"width: 997px; height: 143px;\"><\/p>\n\n<p><em>&nbsp;<\/em><\/p>\n\n<p><span style=\"font-size:19px;\"><span style=\"font-family:Times New Roman,Times,serif;\"><strong>You think the trip will be a <u>lot of fun<\/u>, and you're <u>really looking forward to it<\/u>.<span class=\"Apple-converted-space\">&nbsp;<\/span><\/strong><\/span><\/span><br>\n&nbsp;<\/p>\n\n<p><span style=\"font-size:19px;\"><span style=\"font-family:Times New Roman,Times,serif;\">How far away does the <strong><u>end<\/u> <\/strong>of the trip feel from today (Monday)?<span class=\"Apple-converted-space\">&nbsp;<\/span><\/span><\/span><\/p>","DefaultChoices":false,"QuestionType":"Slider","Selector":"HSLIDER","DataVisibility":{"Private":false,"Hidden":false},"Configuration":{"QuestionDescriptionOption":"UseText","CSSliderMin":0,"CSSliderMax":100,"GridLines":0,"SnapToGrid":false,"NumDecimals":"0","ShowValue":true,"CustomStart":true,"SliderStartPositions":{"1":0.495327102803738317238213539894786663353443145751953125},"NotApplicable":false,"MobileFirst":true},"QuestionDescription":"Weekend Plans \u00a0 For this study, imagine that it is Monday morning. You have a weekend trip planne...","Choices":{"1":{"Display":"&nbsp;"}},"ChoiceOrder":[1],"Validation":{"Settings":{"ForceResponse":"ON","ForceResponseType":"ON","Type":"None"}},"GradingData":[],"Language":[],"NextChoiceId":2,"NextAnswerId":3,"Labels":{"1":{"Display":"Very near"},"2":{"Display":"Very far"}},"QuestionText_Unsafe":"<p style=\"text-align: center;\"><u><strong><span style=\"font-family:Times New Roman,Times,serif;\"><span style=\"font-size:19px;\">Weekend Plans<\/span><\/span><\/strong><\/u><\/p>\n\n<p>&nbsp;<\/p>\n\n<p><span style=\"font-family:Times New Roman,Times,serif;\"><span style=\"font-size:19px;\">For this study, imagine that it is Monday morning. You have a weekend trip planned for this Saturday and Sunday (as shown on your calendar below). You'll be there all weekend.<\/span><\/span><\/p>\n\n<p>&nbsp;<\/p>\n\n<p><img src=\"https:\/\/berkeley.qualtrics.com\/CP\/Graphic.php?IM=IM_bxdLQvFc0cAJguG\" style=\"width: 997px; height: 143px;\"><\/p>\n\n<p><em>&nbsp;<\/em><\/p>\n\n<p><span style=\"font-size:19px;\"><span style=\"font-family:Times New Roman,Times,serif;\"><strong>You think the trip will be a <u>lot of fun<\/u>, and you're <u>really looking forward to it<\/u>.<span class=\"Apple-converted-space\">&nbsp;<\/span><\/strong><\/span><\/span><br>\n&nbsp;<\/p>\n\n<p><span style=\"font-size:19px;\"><span style=\"font-family:Times New Roman,Times,serif;\">How far away does the <strong><u>end<\/u> <\/strong>of the trip feel from today (Monday)?<span class=\"Apple-converted-space\">&nbsp;<\/span><\/span><\/span><\/p>","DataExportTag":"orig_end_samepg","QuestionID":"QID5"}},{"SurveyID":"SV_e9HxT48hdJTXEI6","Element":"SQ","PrimaryAttribute":"QID6","SecondaryAttribute":"Weekend Plans \u00a0 For this study, imagine that it is Monday morning. You have a weekend trip planne..","TertiaryAttribute":null,"Payload":{"QuestionText":"<p style=\"text-align: center;\"><u><strong><span style=\"font-family:Times New Roman,Times,serif;\"><span style=\"font-size:19px;\">Weekend Plans<\/span><\/span><\/strong><\/u><\/p>\n\n<p>&nbsp;<\/p>\n\n<p><span style=\"font-family:Times New Roman,Times,serif;\"><span style=\"font-size:19px;\">For this study, imagine that it is Monday morning. You have a weekend trip planned for this Saturday and Sunday (as shown on your calendar below). You'll be there all weekend.<\/span><\/span><\/p>\n\n<p>&nbsp;<\/p>\n\n<p><img src=\"https:\/\/berkeley.qualtrics.com\/CP\/Graphic.php?IM=IM_bxdLQvFc0cAJguG\" style=\"width: 997px; height: 143px;\"><\/p>\n\n<p><em>&nbsp;<\/em><\/p>\n\n<p><span style=\"font-size:19px;\"><span style=\"font-family:Times New Roman,Times,serif;\"><strong>You think the trip will be a <u>lot of fun<\/u>, and you're <u>really looking forward to it<\/u>.<span class=\"Apple-converted-space\">&nbsp;<\/span><\/strong><\/span><\/span><br>\n&nbsp;<\/p>\n\n<p><span style=\"font-size:19px;\"><span style=\"font-family:Times New Roman,Times,serif;\">How far away does the <strong><u>start<\/u> <\/strong>of the trip (Saturday) feel from today (Monday)?<span class=\"Apple-converted-space\">&nbsp;<\/span><\/span><\/span><\/p>","DefaultChoices":false,"QuestionType":"Slider","Selector":"HSLIDER","Configuration":{"QuestionDescriptionOption":"UseText","CSSliderMin":0,"CSSliderMax":100,"GridLines":0,"SnapToGrid":false,"NumDecimals":"0","ShowValue":true,"CustomStart":true,"SliderStartPositions":{"1":0.495327102803738317238213539894786663353443145751953125},"NotApplicable":false,"MobileFirst":true},"QuestionDescription":"Weekend Plans \u00a0 For this study, imagine that it is Monday morning. You have a weekend trip planne...","Choices":{"1":{"Display":"&nbsp;"}},"ChoiceOrder":[1],"Validation":{"Settings":{"ForceResponse":"ON","ForceResponseType":"ON","Type":"None"}},"GradingData":[],"Language":[],"NextChoiceId":2,"NextAnswerId":3,"Labels":{"1":{"Display":"Very near"},"2":{"Display":"Very far"}},"QuestionText_Unsafe":"<p style=\"text-align: center;\"><u><strong><span style=\"font-family:Times New Roman,Times,serif;\"><span style=\"font-size:19px;\">Weekend Plans<\/span><\/span><\/strong><\/u><\/p>\n\n<p>&nbsp;<\/p>\n\n<p><span style=\"font-family:Times New Roman,Times,serif;\"><span style=\"font-size:19px;\">For this study, imagine that it is Monday morning. You have a weekend trip planned for this Saturday and Sunday (as shown on your calendar below). You&#39;ll be there all weekend.<\/span><\/span><\/p>\n\n<p>&nbsp;<\/p>\n\n<p><img src=\"https:\/\/berkeley.qualtrics.com\/CP\/Graphic.php?IM=IM_bxdLQvFc0cAJguG\" style=\"width: 997px; height: 143px;\" \/><\/p>\n\n<p><em>&nbsp;<\/em><\/p>\n\n<p><span style=\"font-size:19px;\"><span style=\"font-family:Times New Roman,Times,serif;\"><strong>You think the trip will be a <u>lot of fun<\/u>, and you&#39;re <u>really looking forward to it<\/u>.<span class=\"Apple-converted-space\">&nbsp;<\/span><\/strong><\/span><\/span><br \/>\n&nbsp;<\/p>\n\n<p><span style=\"font-size:19px;\"><span style=\"font-family:Times New Roman,Times,serif;\">How far away does the <strong><u>start<\/u> <\/strong>of the trip feel from today (Monday)?<span class=\"Apple-converted-space\">&nbsp;<\/span><\/span><\/span><\/p>","DataExportTag":"orig_start_clar","QuestionID":"QID6","DataVisibility":{"Private":false,"Hidden":false}}},{"SurveyID":"SV_e9HxT48hdJTXEI6","Element":"SQ","PrimaryAttribute":"QID7","SecondaryAttribute":"Weekend Plans \u00a0 For this study, imagine that it is Monday morning. You have a weekend trip planne..","TertiaryAttribute":null,"Payload":{"QuestionText":"<p style=\"text-align: center;\"><u><strong><span style=\"font-family:Times New Roman,Times,serif;\"><span style=\"font-size:19px;\">Weekend Plans<\/span><\/span><\/strong><\/u><\/p>\n\n<p>&nbsp;<\/p>\n\n<p><span style=\"font-family:Times New Roman,Times,serif;\"><span style=\"font-size:19px;\">For this study, imagine that it is Monday morning. You have a weekend trip planned for this Saturday and Sunday (as shown on your calendar below). You'll be there all weekend.<\/span><\/span><\/p>\n\n<p>&nbsp;<\/p>\n\n<p><img src=\"https:\/\/berkeley.qualtrics.com\/CP\/Graphic.php?IM=IM_bxdLQvFc0cAJguG\" style=\"width: 997px; height: 143px;\"><\/p>\n\n<p><em>&nbsp;<\/em><\/p>\n\n<p><span style=\"font-size:19px;\"><span style=\"font-family:Times New Roman,Times,serif;\"><strong>You think the trip will be a <u>lot of fun<\/u>, and you're <u>really looking forward to it<\/u>.<span class=\"Apple-converted-space\">&nbsp;<\/span><\/strong><\/span><\/span><br>\n&nbsp;<\/p>\n\n<p><span style=\"font-size:19px;\"><span style=\"font-family:Times New Roman,Times,serif;\">How far away does the <strong><u>end<\/u> <\/strong>of the trip (Sunday) feel from today (Monday)?<span class=\"Apple-converted-space\">&nbsp;<\/span><\/span><\/span><\/p>","DefaultChoices":false,"QuestionType":"Slider","Selector":"HSLIDER","DataVisibility":{"Private":false,"Hidden":false},"Configuration":{"QuestionDescriptionOption":"UseText","CSSliderMin":0,"CSSliderMax":100,"GridLines":0,"SnapToGrid":false,"NumDecimals":"0","ShowValue":true,"CustomStart":true,"SliderStartPositions":{"1":0.495327102803738317238213539894786663353443145751953125},"NotApplicable":false,"MobileFirst":true},"QuestionDescription":"Weekend Plans \u00a0 For this study, imagine that it is Monday morning. You have a weekend trip planne...","Choices":{"1":{"Display":"&nbsp;"}},"ChoiceOrder":[1],"Validation":{"Settings":{"ForceResponse":"ON","ForceResponseType":"ON","Type":"None"}},"GradingData":[],"Language":[],"NextChoiceId":2,"NextAnswerId":3,"Labels":{"1":{"Display":"Very near"},"2":{"Display":"Very far"}},"QuestionText_Unsafe":"<p style=\"text-align: center;\"><u><strong><span style=\"font-family:Times New Roman,Times,serif;\"><span style=\"font-size:19px;\">Weekend Plans<\/span><\/span><\/strong><\/u><\/p>\n\n<p>&nbsp;<\/p>\n\n<p><span style=\"font-family:Times New Roman,Times,serif;\"><span style=\"font-size:19px;\">For this study, imagine that it is Monday morning. You have a weekend trip planned for this Saturday and Sunday (as shown on your calendar below). You'll be there all weekend.<\/span><\/span><\/p>\n\n<p>&nbsp;<\/p>\n\n<p><img src=\"https:\/\/berkeley.qualtrics.com\/CP\/Graphic.php?IM=IM_bxdLQvFc0cAJguG\" style=\"width: 997px; height: 143px;\"><\/p>\n\n<p><em>&nbsp;<\/em><\/p>\n\n<p><span style=\"font-size:19px;\"><span style=\"font-family:Times New Roman,Times,serif;\"><strong>You think the trip will be a <u>lot of fun<\/u>, and you're <u>really looking forward to it<\/u>.<span class=\"Apple-converted-space\">&nbsp;<\/span><\/strong><\/span><\/span><br>\n&nbsp;<\/p>\n\n<p><span style=\"font-size:19px;\"><span style=\"font-family:Times New Roman,Times,serif;\">How far away does the <strong><u>end<\/u> <\/strong>of the trip feel from today (Monday)?<span class=\"Apple-converted-space\">&nbsp;<\/span><\/span><\/span><\/p>","DataExportTag":"orig_end_clar","QuestionID":"QID7"}},{"SurveyID":"SV_e9HxT48hdJTXEI6","Element":"SQ","PrimaryAttribute":"QID11","SecondaryAttribute":"What is your Amazon Mechanical Turk ID number? \u00a0 (this is only in the event that there are issues..","TertiaryAttribute":null,"Payload":{"QuestionText":"<span style=\"font-size:19px;\">What is your Amazon Mechanical Turk ID number?<\/span>\n<div>&nbsp;<\/div>\n\n<div><em><span style=\"font-size:16px;\">(this is only in the event that there are issues getting you paid)<\/span><\/em><\/div>","DefaultChoices":false,"DataExportTag":"ID","QuestionID":"QID11","QuestionType":"TE","Selector":"SL","Configuration":{"QuestionDescriptionOption":"UseText"},"QuestionDescription":"What is your Amazon Mechanical Turk ID number? \u00a0 (this is only in the event that there are issues...","Validation":{"Settings":{"ForceResponse":"ON","ForceResponseType":"ON","Type":"None"}},"GradingData":[],"Language":[],"NextChoiceId":4,"NextAnswerId":1,"SearchSource":{"AllowFreeResponse":"false"}}},{"SurveyID":"SV_e9HxT48hdJTXEI6","Element":"SQ","PrimaryAttribute":"QID10","SecondaryAttribute":"What is your gender?","TertiaryAttribute":null,"Payload":{"QuestionText":"<span style=\"font-size:19px;\">What is your gender?<\/span>","DataExportTag":"gender","QuestionType":"MC","Selector":"SAVR","SubSelector":"TX","Configuration":{"QuestionDescriptionOption":"UseText"},"QuestionDescription":"What is your gender?","Choices":{"1":{"Display":"Male"},"2":{"Display":"Female"},"3":{"Display":"Non-binary \/ third gender"}},"ChoiceOrder":[1,2,3],"Validation":{"Settings":{"ForceResponse":"OFF","ForceResponseType":"ON","Type":"None"}},"Language":[],"NextChoiceId":4,"NextAnswerId":1,"QuestionID":"QID10"}},{"SurveyID":"SV_e9HxT48hdJTXEI6","Element":"SQ","PrimaryAttribute":"QID8","SecondaryAttribute":"Which of the following is the longest period of time? (that is, which of these represents the lon...","TertiaryAttribute":null,"Payload":{"QuestionText":"<span style=\"font-size:19px;\">Which of the following is the longest period of time?<\/span><div><span style=\"font-size: 19px;\"><br><\/span><\/div><div><span style=\"font-size: 19px;\">(that is, which of these represents the longest duration of time)<\/span><\/div>","DataExportTag":"AC","QuestionType":"MC","Selector":"SAVR","SubSelector":"TX","Configuration":{"QuestionDescriptionOption":"UseText"},"QuestionDescription":"Which of the following is the longest period of time? (that is, which of these represents the lon...","Choices":{"1":{"Display":"2 years"},"2":{"Display":"8 months"},"3":{"Display":"12 hours"},"4":{"Display":"4 seconds"},"5":{"Display":"27 milliseconds"}},"ChoiceOrder":[1,2,3,4,5],"Validation":{"Settings":{"ForceResponse":"ON","ForceResponseType":"ON","Type":"None"}},"Language":[],"NextChoiceId":6,"NextAnswerId":1,"QuestionID":"QID8","Randomization":{"Advanced":null,"Type":"All","TotalRandSubset":""}}}]}